
Microsoft Visual Studio Solution File, Format Version 12.00
# Visual Studio Version 17
VisualStudioVersion = 17.4.32804.182
MinimumVisualStudioVersion = 10.0.40219.1
Project("{9A19103F-16F7-4668-BE54-9A1E7A4F7556}") = "Syncfusion.Themes.basetheme.WPF_NET60", "Syncfusion.Themes.basetheme.WPF_NET60.csproj", "{f317f340-d9d8-471c-979d-b608dfd47cbc}"
EndProject
Global
	GlobalSection(SolutionConfigurationPlatforms) = preSolution
		Debug|Any CPU = Debug|Any CPU
		Debug-Xml|Any CPU = Debug-Xml|Any CPU
		Release|Any CPU = Release|Any CPU
		Release-Xml|Any CPU = Release-Xml|Any CPU
	EndGlobalSection
	GlobalSection(ProjectConfigurationPlatforms) = postSolution
		{f317f340-d9d8-471c-979d-b608dfd47cbc}.Debug|Any CPU.ActiveCfg = Debug|Any CPU
		{f317f340-d9d8-471c-979d-b608dfd47cbc}.Debug|Any CPU.Build.0 = Debug|Any CPU
		{f317f340-d9d8-471c-979d-b608dfd47cbc}.Debug-Xml|Any CPU.ActiveCfg = Debug-Xml|Any CPU
		{f317f340-d9d8-471c-979d-b608dfd47cbc}.Debug-Xml|Any CPU.Build.0 = Debug-Xml|Any CPU
		{f317f340-d9d8-471c-979d-b608dfd47cbc}.Release|Any CPU.ActiveCfg = Release|Any CPU
		{f317f340-d9d8-471c-979d-b608dfd47cbc}.Release|Any CPU.Build.0 = Release|Any CPU
		{f317f340-d9d8-471c-979d-b608dfd47cbc}.Release-Xml|Any CPU.ActiveCfg = Release-Xml|Any CPU
		{f317f340-d9d8-471c-979d-b608dfd47cbc}.Release-Xml|Any CPU.Build.0 = Release-Xml|Any CPU
	EndGlobalSection
	GlobalSection(SolutionProperties) = preSolution
		HideSolutionNode = FALSE
	EndGlobalSection
	GlobalSection(ExtensibilityGlobals) = postSolution
		SolutionGuid = {DC045374-4F94-49F9-8C54-209E092B2C51}
	EndGlobalSection
EndGlobal
