
Microsoft Visual Studio Solution File, Format Version 12.00
# Visual Studio Version 17
VisualStudioVersion = 17.8.226.21692
MinimumVisualStudioVersion = 10.0.40219.1
Project("{9A19103F-16F7-4668-BE54-9A1E7A4F7556}") = "Syncfusion.Themes.basetheme.WPF_NET80", "Syncfusion.Themes.basetheme.WPF_NET80.csproj", "{c6383124-6979-4401-88ae-107c6d271010}"
EndProject
Global
	GlobalSection(SolutionConfigurationPlatforms) = preSolution
		Debug|Any CPU = Debug|Any CPU
		Debug-Xml|Any CPU = Debug-Xml|Any CPU
		Release|Any CPU = Release|Any CPU
		Release-Xml|Any CPU = Release-Xml|Any CPU
	EndGlobalSection
	GlobalSection(ProjectConfigurationPlatforms) = postSolution
		{c6383124-6979-4401-88ae-107c6d271010}.Debug|Any CPU.ActiveCfg = Debug|Any CPU
		{c6383124-6979-4401-88ae-107c6d271010}.Debug|Any CPU.Build.0 = Debug|Any CPU
		{c6383124-6979-4401-88ae-107c6d271010}.Debug-Xml|Any CPU.ActiveCfg = Debug-Xml|Any CPU
		{c6383124-6979-4401-88ae-107c6d271010}.Debug-Xml|Any CPU.Build.0 = Debug-Xml|Any CPU
		{c6383124-6979-4401-88ae-107c6d271010}.Release|Any CPU.ActiveCfg = Release|Any CPU
		{c6383124-6979-4401-88ae-107c6d271010}.Release|Any CPU.Build.0 = Release|Any CPU
		{c6383124-6979-4401-88ae-107c6d271010}.Release-Xml|Any CPU.ActiveCfg = Release-Xml|Any CPU
		{c6383124-6979-4401-88ae-107c6d271010}.Release-Xml|Any CPU.Build.0 = Release-Xml|Any CPU
	EndGlobalSection
	GlobalSection(SolutionProperties) = preSolution
		HideSolutionNode = FALSE
	EndGlobalSection
	GlobalSection(ExtensibilityGlobals) = postSolution
		SolutionGuid = {DC045374-4F94-49F9-8C54-209E092B2C51}
	EndGlobalSection
EndGlobal
